dependencies:
  idf:
    source:
      type: idf
    version: 5.4.0
  joltwallet/littlefs:
    component_hash: 34b8c56a14f10b440845fe972ce34ef41d1d205bcb139b3dfc58983a10abf59b
    dependencies:
    - name: idf
      require: private
      version: '>=5.0'
    source:
      registry_url: https://components.espressif.com/
      type: service
    version: 1.19.1
direct_dependencies:
- idf
- joltwallet/littlefs
manifest_hash: 2fd35f81ece4a918d2a330c32cd0bbb81cf3877abd6e2a663c063a8e7001a82a
target: esp32c6
version: 2.0.0
